
Microsoft Visual Studio Solution File, Format Version 12.00
# Visual Studio 15
VisualStudioVersion = 15.0.27703.2026
MinimumVisualStudioVersion = 10.0.40219.1
Project("{FAE04EC0-301F-11D3-BF4B-00C04F79EFBC}") = "TacitusLogger.DI.Ninject.Examples", "TacitusLogger.DI.Ninject.Examples\TacitusLogger.DI.Ninject.Examples.csproj", "{DAABD832-25EB-4FB4-A381-E87CBEDFADA3}"
EndProject
Global
	GlobalSection(SolutionConfigurationPlatforms) = preSolution
		Debug|Any CPU = Debug|Any CPU
		Release|Any CPU = Release|Any CPU
	EndGlobalSection
	GlobalSection(ProjectConfigurationPlatforms) = postSolution
		{DAABD832-25EB-4FB4-A381-E87CBEDFADA3}.Debug|Any CPU.ActiveCfg = Debug|Any CPU
		{DAABD832-25EB-4FB4-A381-E87CBEDFADA3}.Debug|Any CPU.Build.0 = Debug|Any CPU
		{DAABD832-25EB-4FB4-A381-E87CBEDFADA3}.Release|Any CPU.ActiveCfg = Release|Any CPU
		{DAABD832-25EB-4FB4-A381-E87CBEDFADA3}.Release|Any CPU.Build.0 = Release|Any CPU
	EndGlobalSection
	GlobalSection(SolutionProperties) = preSolution
		HideSolutionNode = FALSE
	EndGlobalSection
	GlobalSection(ExtensibilityGlobals) = postSolution
		SolutionGuid = {ACFC6236-C8BA-4319-954B-825800738217}
	EndGlobalSection
EndGlobal
